{
  "name": "live2d-widget-models",
  "version": "1.0.5",
  "lockfileVersion": 2,
  "requires": true,
  "packages": {
    "": {
      "name": "live2d-widget-models",
      "version": "1.0.5",
      "license": "GPL-2.0",
      "dependencies": {
        "live2d-widget": "^3.0.5",
        "live2d-widget-model-chitose": "latest",
        "live2d-widget-model-epsilon2_1": "latest",
        "live2d-widget-model-gf": "latest",
        "live2d-widget-model-haru": "latest",
        "live2d-widget-model-haruto": "latest",
        "live2d-widget-model-hibiki": "latest",
        "live2d-widget-model-hijiki": "latest",
        "live2d-widget-model-izumi": "latest",
        "live2d-widget-model-koharu": "latest",
        "live2d-widget-model-miku": "file:packages/live2d-widget-model-miku",
        "live2d-widget-model-ni-j": "latest",
        "live2d-widget-model-nico": "latest",
        "live2d-widget-model-nietzsche": "latest",
        "live2d-widget-model-nipsilon": "latest",
        "live2d-widget-model-nito": "latest",
        "live2d-widget-model-shizuku": "latest",
        "live2d-widget-model-tororo": "latest",
        "live2d-widget-model-tsumiki": "latest",
        "live2d-widget-model-unitychan": "latest",
        "live2d-widget-model-wanko": "latest",
        "live2d-widget-model-z16": "latest"
      }
    },
    "node_modules/live2d-widget": {
      "version": "3.0.5",
      "resolved": "https://registry.npmjs.org/live2d-widget/-/live2d-widget-3.0.5.tgz",
      "integrity": "sha512-Jvo1QV8gcDTX8zy/hRs0H1pA3ATD9zbG82H2KZcShepICSKh1xY0tTmyla/YvqJtZTmH47l1xq0OG5HvjNbkNg=="
    },
    "node_modules/live2d-widget-model-chitose": {
      "version": "1.0.5",
      "resolved": "https://registry.npmjs.org/live2d-widget-model-chitose/-/live2d-widget-model-chitose-1.0.5.tgz",
      "integrity": "sha512-gUyTulOh9+e9JU/8oxV7GpFLrI/nRiKIl9k2Nu3gLCsPoUk/pvL5GURj5A0tel5vhiY3hjgBSNKOvyisXfUEww=="
    },
    "node_modules/live2d-widget-model-epsilon2_1": {
      "version": "1.0.5",
      "resolved": "https://registry.npmjs.org/live2d-widget-model-epsilon2_1/-/live2d-widget-model-epsilon2_1-1.0.5.tgz",
      "integrity": "sha512-OeRK1FoEqzz6gvFpEKmmq1HBrwG6oAJghWf12n6uKoUprN/HclWDGpKFpwKwosRJYrEHkuXsrbmqtvC8R11hOg=="
    },
    "node_modules/live2d-widget-model-gf": {
      "version": "1.0.5",
      "resolved": "https://registry.npmjs.org/live2d-widget-model-gf/-/live2d-widget-model-gf-1.0.5.tgz",
      "integrity": "sha512-VOSFePEOLqg1Hilzdq/Fvv1Hrukrn5c7JR99t+2FFlZ0P59jSvmzTpdXwGIEcGTg/obB3Iw8vME/etrZoqpCdg=="
    },
    "node_modules/live2d-widget-model-haru": {
      "version": "1.0.5",
      "resolved": "https://registry.npmjs.org/live2d-widget-model-haru/-/live2d-widget-model-haru-1.0.5.tgz",
      "integrity": "sha512-n895K0BAnN0FJymwADn60WBacWQaqeoFJa5ux6ImEeIE/k+tLRI751B8RiY+zCk/WjdA8oTyuBt5QEhwWghMYw=="
    },
    "node_modules/live2d-widget-model-haruto": {
      "version": "1.0.5",
      "resolved": "https://registry.npmjs.org/live2d-widget-model-haruto/-/live2d-widget-model-haruto-1.0.5.tgz",
      "integrity": "sha512-zoD6F1c/ryPBV9zQiOj+zRZTYbELNivrK8lM2Sr4DKp/kCzDB+RjJuHjqXEVEMtRc8Q23zKkfrlGyC1OQOFP7g=="
    },
    "node_modules/live2d-widget-model-hibiki": {
      "version": "1.0.5",
      "resolved": "https://registry.npmjs.org/live2d-widget-model-hibiki/-/live2d-widget-model-hibiki-1.0.5.tgz",
      "integrity": "sha512-MPtmSb0WFRz+gaOAhOyz5xbrpX9wO5utuhqEQwx7rRXIYo/YmQcjLSnMVXWC6tQ7tBQPkAKeQ55RunlnNM3b2A=="
    },
    "node_modules/live2d-widget-model-hijiki": {
      "version": "1.0.5",
      "resolved": "https://registry.npmjs.org/live2d-widget-model-hijiki/-/live2d-widget-model-hijiki-1.0.5.tgz",
      "integrity": "sha512-1htA3VPgqw5mvs94qHVqy56MjmF1huBXst1SsgphNyeWuZT3aH87I0sF1Ene7WDkyEPnMeR+pX1bJxWa524snA=="
    },
    "node_modules/live2d-widget-model-izumi": {
      "version": "1.0.5",
      "resolved": "https://registry.npmjs.org/live2d-widget-model-izumi/-/live2d-widget-model-izumi-1.0.5.tgz",
      "integrity": "sha512-BlLnfYPXgo/D5XSszADKGcs2C6MyiNKFY26/kZMZ/OrTNGY85yCBguOcDfKv7ZQFGI1KsEkzzq3Kzqa1fYoUaA=="
    },
    "node_modules/live2d-widget-model-koharu": {
      "version": "1.0.5",
      "resolved": "https://registry.npmjs.org/live2d-widget-model-koharu/-/live2d-widget-model-koharu-1.0.5.tgz",
      "integrity": "sha512-tziYYbBvkLFbYmizb6Sij4rF1Vmne9ZJwwD8dljt3QPeWxYBjxuQspzLrFOjMtvCSeE5dncNG7qdnTUb5nD2DQ=="
    },
    "node_modules/live2d-widget-model-miku": {
      "resolved": "packages/live2d-widget-model-miku",
      "link": true
    },
    "node_modules/live2d-widget-model-ni-j": {
      "version": "1.0.5",
      "resolved": "https://registry.npmjs.org/live2d-widget-model-ni-j/-/live2d-widget-model-ni-j-1.0.5.tgz",
      "integrity": "sha512-NYI7ItKk6HrsolVsHwBr/693TwQCcp49m3bEo3LoTG5ZFs7x3T+i5aJVUdLXbIRB0sdeUm3RYvsmZfqx9CGRNQ=="
    },
    "node_modules/live2d-widget-model-nico": {
      "version": "1.0.5",
      "resolved": "https://registry.npmjs.org/live2d-widget-model-nico/-/live2d-widget-model-nico-1.0.5.tgz",
      "integrity": "sha512-zwk5scbdNaFiKNaiOu36pVtCR5q5T/MuQ8ov2SA5SPYvZl8aXdtcu42yiKoFEkKqG2UgfH+x6zSDvMLfu6i3+g=="
    },
    "node_modules/live2d-widget-model-nietzsche": {
      "version": "1.0.5",
      "resolved": "https://registry.npmjs.org/live2d-widget-model-nietzsche/-/live2d-widget-model-nietzsche-1.0.5.tgz",
      "integrity": "sha512-mcWzJ0+sQ7VuTTpT+Q5x2d6Zc5iQgGfoRjT/aIMEF/qzoRcsYLYkdDX92wgeuMLVz0b9VRmcweZRSn3VtEHRWA=="
    },
    "node_modules/live2d-widget-model-nipsilon": {
      "version": "1.0.5",
      "resolved": "https://registry.npmjs.org/live2d-widget-model-nipsilon/-/live2d-widget-model-nipsilon-1.0.5.tgz",
      "integrity": "sha512-iPE2AXZhkNZmj94F17dJRFXgsApxIqlPPUQKVlvWxaNH29Ia4fl0xv/s8oRgJFwScJeOPZwnWuByRbrJDfhwcA=="
    },
    "node_modules/live2d-widget-model-nito": {
      "version": "1.0.5",
      "resolved": "https://registry.npmjs.org/live2d-widget-model-nito/-/live2d-widget-model-nito-1.0.5.tgz",
      "integrity": "sha512-WVFOjM72Pco6Y8nS3UbrAZ942Aj7PiuLC56WYHd43EQ8EzZ261Qu/Edyvs6/4AZFfMO8SZWq73oGs0RCItEa9A=="
    },
    "node_modules/live2d-widget-model-shizuku": {
      "version": "1.0.5",
      "resolved": "https://registry.npmjs.org/live2d-widget-model-shizuku/-/live2d-widget-model-shizuku-1.0.5.tgz",
      "integrity": "sha512-keEQR1Bm7HILLjNSIpmg1SGuo4H/ZsGRxnBn0l0BxgEbaHlmEE+Jb5nwhAtnh7PN/SRFE3+Ddk/ciy18sT7rAw=="
    },
    "node_modules/live2d-widget-model-tororo": {
      "version": "1.0.5",
      "resolved": "https://registry.npmjs.org/live2d-widget-model-tororo/-/live2d-widget-model-tororo-1.0.5.tgz",
      "integrity": "sha512-qcDZnXyzmNM5NADDAWpknWMCqoip3CZ9bYrKKB0PqusnrUTK0e5k1jAl+RCos9Sbg9g1xzse50vmREwj1LiJ3w=="
    },
    "node_modules/live2d-widget-model-tsumiki": {
      "version": "1.0.5",
      "resolved": "https://registry.npmjs.org/live2d-widget-model-tsumiki/-/live2d-widget-model-tsumiki-1.0.5.tgz",
      "integrity": "sha512-0rugdU5Fi6XY3wLan6qEvKHKOV7HjdtuP6MEIQSx43oy1E8P/Tx+Nfu8AqVSZ9Y98d6M/nB3WDFHq3Zpjtsvug=="
    },
    "node_modules/live2d-widget-model-unitychan": {
      "version": "1.0.5",
      "resolved": "https://registry.npmjs.org/live2d-widget-model-unitychan/-/live2d-widget-model-unitychan-1.0.5.tgz",
      "integrity": "sha512-7mkTW/VFYdBqA8vjCpn2x3mZoqcdx35LqSEAVmsr/pDnEOhmm8GFOCNpwYOybvg+oBbB3fXeKdLHtv0q7SU9pA=="
    },
    "node_modules/live2d-widget-model-wanko": {
      "version": "1.0.5",
      "resolved": "https://registry.npmjs.org/live2d-widget-model-wanko/-/live2d-widget-model-wanko-1.0.5.tgz",
      "integrity": "sha512-ej3XMEeQ0UPQ1Iz+W0XKOuHEKEE9Vs929APuHKOZO7xJmLIKZzd5cbsoq56z1L7g8DNCVStx6Lb9ZubRAao2jw=="
    },
    "node_modules/live2d-widget-model-z16": {
      "version": "1.0.5",
      "resolved": "https://registry.npmjs.org/live2d-widget-model-z16/-/live2d-widget-model-z16-1.0.5.tgz",
      "integrity": "sha512-1CUY6iOWakrJQdShWOJwzYvM0rj0Ok71B5qbKT03/ATPKUYmDLgSIy4QiH9CDZkXSwlQtIEG7CUqqaUzFZTB4w=="
    },
    "packages/live2d-widget-model-miku": {
      "version": "1.0.5",
      "license": "GPL-2.0"
    }
  },
  "dependencies": {
    "live2d-widget": {
      "version": "3.0.5",
      "resolved": "https://registry.npmjs.org/live2d-widget/-/live2d-widget-3.0.5.tgz",
      "integrity": "sha512-Jvo1QV8gcDTX8zy/hRs0H1pA3ATD9zbG82H2KZcShepICSKh1xY0tTmyla/YvqJtZTmH47l1xq0OG5HvjNbkNg=="
    },
    "live2d-widget-model-chitose": {
      "version": "1.0.5",
      "resolved": "https://registry.npmjs.org/live2d-widget-model-chitose/-/live2d-widget-model-chitose-1.0.5.tgz",
      "integrity": "sha512-gUyTulOh9+e9JU/8oxV7GpFLrI/nRiKIl9k2Nu3gLCsPoUk/pvL5GURj5A0tel5vhiY3hjgBSNKOvyisXfUEww=="
    },
    "live2d-widget-model-epsilon2_1": {
      "version": "1.0.5",
      "resolved": "https://registry.npmjs.org/live2d-widget-model-epsilon2_1/-/live2d-widget-model-epsilon2_1-1.0.5.tgz",
      "integrity": "sha512-OeRK1FoEqzz6gvFpEKmmq1HBrwG6oAJghWf12n6uKoUprN/HclWDGpKFpwKwosRJYrEHkuXsrbmqtvC8R11hOg=="
    },
    "live2d-widget-model-gf": {
      "version": "1.0.5",
      "resolved": "https://registry.npmjs.org/live2d-widget-model-gf/-/live2d-widget-model-gf-1.0.5.tgz",
      "integrity": "sha512-VOSFePEOLqg1Hilzdq/Fvv1Hrukrn5c7JR99t+2FFlZ0P59jSvmzTpdXwGIEcGTg/obB3Iw8vME/etrZoqpCdg=="
    },
    "live2d-widget-model-haru": {
      "version": "1.0.5",
      "resolved": "https://registry.npmjs.org/live2d-widget-model-haru/-/live2d-widget-model-haru-1.0.5.tgz",
      "integrity": "sha512-n895K0BAnN0FJymwADn60WBacWQaqeoFJa5ux6ImEeIE/k+tLRI751B8RiY+zCk/WjdA8oTyuBt5QEhwWghMYw=="
    },
    "live2d-widget-model-haruto": {
      "version": "1.0.5",
      "resolved": "https://registry.npmjs.org/live2d-widget-model-haruto/-/live2d-widget-model-haruto-1.0.5.tgz",
      "integrity": "sha512-zoD6F1c/ryPBV9zQiOj+zRZTYbELNivrK8lM2Sr4DKp/kCzDB+RjJuHjqXEVEMtRc8Q23zKkfrlGyC1OQOFP7g=="
    },
    "live2d-widget-model-hibiki": {
      "version": "1.0.5",
      "resolved": "https://registry.npmjs.org/live2d-widget-model-hibiki/-/live2d-widget-model-hibiki-1.0.5.tgz",
      "integrity": "sha512-MPtmSb0WFRz+gaOAhOyz5xbrpX9wO5utuhqEQwx7rRXIYo/YmQcjLSnMVXWC6tQ7tBQPkAKeQ55RunlnNM3b2A=="
    },
    "live2d-widget-model-hijiki": {
      "version": "1.0.5",
      "resolved": "https://registry.npmjs.org/live2d-widget-model-hijiki/-/live2d-widget-model-hijiki-1.0.5.tgz",
      "integrity": "sha512-1htA3VPgqw5mvs94qHVqy56MjmF1huBXst1SsgphNyeWuZT3aH87I0sF1Ene7WDkyEPnMeR+pX1bJxWa524snA=="
    },
    "live2d-widget-model-izumi": {
      "version": "1.0.5",
      "resolved": "https://registry.npmjs.org/live2d-widget-model-izumi/-/live2d-widget-model-izumi-1.0.5.tgz",
      "integrity": "sha512-BlLnfYPXgo/D5XSszADKGcs2C6MyiNKFY26/kZMZ/OrTNGY85yCBguOcDfKv7ZQFGI1KsEkzzq3Kzqa1fYoUaA=="
    },
    "live2d-widget-model-koharu": {
      "version": "1.0.5",
      "resolved": "https://registry.npmjs.org/live2d-widget-model-koharu/-/live2d-widget-model-koharu-1.0.5.tgz",
      "integrity": "sha512-tziYYbBvkLFbYmizb6Sij4rF1Vmne9ZJwwD8dljt3QPeWxYBjxuQspzLrFOjMtvCSeE5dncNG7qdnTUb5nD2DQ=="
    },
    "live2d-widget-model-miku": {
      "version": "file:packages/live2d-widget-model-miku"
    },
    "live2d-widget-model-ni-j": {
      "version": "1.0.5",
      "resolved": "https://registry.npmjs.org/live2d-widget-model-ni-j/-/live2d-widget-model-ni-j-1.0.5.tgz",
      "integrity": "sha512-NYI7ItKk6HrsolVsHwBr/693TwQCcp49m3bEo3LoTG5ZFs7x3T+i5aJVUdLXbIRB0sdeUm3RYvsmZfqx9CGRNQ=="
    },
    "live2d-widget-model-nico": {
      "version": "1.0.5",
      "resolved": "https://registry.npmjs.org/live2d-widget-model-nico/-/live2d-widget-model-nico-1.0.5.tgz",
      "integrity": "sha512-zwk5scbdNaFiKNaiOu36pVtCR5q5T/MuQ8ov2SA5SPYvZl8aXdtcu42yiKoFEkKqG2UgfH+x6zSDvMLfu6i3+g=="
    },
    "live2d-widget-model-nietzsche": {
      "version": "1.0.5",
      "resolved": "https://registry.npmjs.org/live2d-widget-model-nietzsche/-/live2d-widget-model-nietzsche-1.0.5.tgz",
      "integrity": "sha512-mcWzJ0+sQ7VuTTpT+Q5x2d6Zc5iQgGfoRjT/aIMEF/qzoRcsYLYkdDX92wgeuMLVz0b9VRmcweZRSn3VtEHRWA=="
    },
    "live2d-widget-model-nipsilon": {
      "version": "1.0.5",
      "resolved": "https://registry.npmjs.org/live2d-widget-model-nipsilon/-/live2d-widget-model-nipsilon-1.0.5.tgz",
      "integrity": "sha512-iPE2AXZhkNZmj94F17dJRFXgsApxIqlPPUQKVlvWxaNH29Ia4fl0xv/s8oRgJFwScJeOPZwnWuByRbrJDfhwcA=="
    },
    "live2d-widget-model-nito": {
      "version": "1.0.5",
      "resolved": "https://registry.npmjs.org/live2d-widget-model-nito/-/live2d-widget-model-nito-1.0.5.tgz",
      "integrity": "sha512-WVFOjM72Pco6Y8nS3UbrAZ942Aj7PiuLC56WYHd43EQ8EzZ261Qu/Edyvs6/4AZFfMO8SZWq73oGs0RCItEa9A=="
    },
    "live2d-widget-model-shizuku": {
      "version": "1.0.5",
      "resolved": "https://registry.npmjs.org/live2d-widget-model-shizuku/-/live2d-widget-model-shizuku-1.0.5.tgz",
      "integrity": "sha512-keEQR1Bm7HILLjNSIpmg1SGuo4H/ZsGRxnBn0l0BxgEbaHlmEE+Jb5nwhAtnh7PN/SRFE3+Ddk/ciy18sT7rAw=="
    },
    "live2d-widget-model-tororo": {
      "version": "1.0.5",
      "resolved": "https://registry.npmjs.org/live2d-widget-model-tororo/-/live2d-widget-model-tororo-1.0.5.tgz",
      "integrity": "sha512-qcDZnXyzmNM5NADDAWpknWMCqoip3CZ9bYrKKB0PqusnrUTK0e5k1jAl+RCos9Sbg9g1xzse50vmREwj1LiJ3w=="
    },
    "live2d-widget-model-tsumiki": {
      "version": "1.0.5",
      "resolved": "https://registry.npmjs.org/live2d-widget-model-tsumiki/-/live2d-widget-model-tsumiki-1.0.5.tgz",
      "integrity": "sha512-0rugdU5Fi6XY3wLan6qEvKHKOV7HjdtuP6MEIQSx43oy1E8P/Tx+Nfu8AqVSZ9Y98d6M/nB3WDFHq3Zpjtsvug=="
    },
    "live2d-widget-model-unitychan": {
      "version": "1.0.5",
      "resolved": "https://registry.npmjs.org/live2d-widget-model-unitychan/-/live2d-widget-model-unitychan-1.0.5.tgz",
      "integrity": "sha512-7mkTW/VFYdBqA8vjCpn2x3mZoqcdx35LqSEAVmsr/pDnEOhmm8GFOCNpwYOybvg+oBbB3fXeKdLHtv0q7SU9pA=="
    },
    "live2d-widget-model-wanko": {
      "version": "1.0.5",
      "resolved": "https://registry.npmjs.org/live2d-widget-model-wanko/-/live2d-widget-model-wanko-1.0.5.tgz",
      "integrity": "sha512-ej3XMEeQ0UPQ1Iz+W0XKOuHEKEE9Vs929APuHKOZO7xJmLIKZzd5cbsoq56z1L7g8DNCVStx6Lb9ZubRAao2jw=="
    },
    "live2d-widget-model-z16": {
      "version": "1.0.5",
      "resolved": "https://registry.npmjs.org/live2d-widget-model-z16/-/live2d-widget-model-z16-1.0.5.tgz",
      "integrity": "sha512-1CUY6iOWakrJQdShWOJwzYvM0rj0Ok71B5qbKT03/ATPKUYmDLgSIy4QiH9CDZkXSwlQtIEG7CUqqaUzFZTB4w=="
    }
  }
}
